
Microsoft Visual Studio Solution File, Format Version 12.00
# Visual Studio Version 16
VisualStudioVersion = 16.0.29519.87
MinimumVisualStudioVersion = 10.0.40219.1
Project("{FAE04EC0-301F-11D3-BF4B-00C04F79EFBC}") = "CSCommon", "CSCommon\CSCommon.csproj", "{D15DFFA7-1A54-46E4-A751-D7C9DA6FA093}"
EndProject
Project("{FAE04EC0-301F-11D3-BF4B-00C04F79EFBC}") = "CSCommonTest", "CSCommonTest\CSCommonTest.csproj", "{BD39EBBC-7427-44DA-A77B-76FE6538DD95}"
EndProject
Global
	GlobalSection(SolutionConfigurationPlatforms) = preSolution
		Debug|Any CPU = Debug|Any CPU
		Release|Any CPU = Release|Any CPU
	EndGlobalSection
	GlobalSection(ProjectConfigurationPlatforms) = postSolution
		{D15DFFA7-1A54-46E4-A751-D7C9DA6FA093}.Debug|Any CPU.ActiveCfg = Debug|Any CPU
		{D15DFFA7-1A54-46E4-A751-D7C9DA6FA093}.Debug|Any CPU.Build.0 = Debug|Any CPU
		{D15DFFA7-1A54-46E4-A751-D7C9DA6FA093}.Release|Any CPU.ActiveCfg = Release|Any CPU
		{D15DFFA7-1A54-46E4-A751-D7C9DA6FA093}.Release|Any CPU.Build.0 = Release|Any CPU
		{BD39EBBC-7427-44DA-A77B-76FE6538DD95}.Debug|Any CPU.ActiveCfg = Debug|Any CPU
		{BD39EBBC-7427-44DA-A77B-76FE6538DD95}.Debug|Any CPU.Build.0 = Debug|Any CPU
		{BD39EBBC-7427-44DA-A77B-76FE6538DD95}.Release|Any CPU.ActiveCfg = Release|Any CPU
		{BD39EBBC-7427-44DA-A77B-76FE6538DD95}.Release|Any CPU.Build.0 = Release|Any CPU
	EndGlobalSection
	GlobalSection(SolutionProperties) = preSolution
		HideSolutionNode = FALSE
	EndGlobalSection
	GlobalSection(ExtensibilityGlobals) = postSolution
		SolutionGuid = {0DEAD4D5-404A-4957-9ABA-39047438DCA7}
	EndGlobalSection
EndGlobal
